
Microsoft Visual Studio Solution File, Format Version 12.00
# Visual Studio Version 16
VisualStudioVersion = 16.0.30907.101
MinimumVisualStudioVersion = 10.0.40219.1
Project("{FAE04EC0-301F-11D3-BF4B-00C04F79EFBC}") = "Lab7_RegularExpressions", "Lab7_RegularExpressions\Lab7_RegularExpressions.csproj", "{230C1358-0A5C-436D-83C4-E520862B0952}"
EndProject
Global
	GlobalSection(SolutionConfigurationPlatforms) = preSolution
		Debug|Any CPU = Debug|Any CPU
		Release|Any CPU = Release|Any CPU
	EndGlobalSection
	GlobalSection(ProjectConfigurationPlatforms) = postSolution
		{230C1358-0A5C-436D-83C4-E520862B0952}.Debug|Any CPU.ActiveCfg = Debug|Any CPU
		{230C1358-0A5C-436D-83C4-E520862B0952}.Debug|Any CPU.Build.0 = Debug|Any CPU
		{230C1358-0A5C-436D-83C4-E520862B0952}.Release|Any CPU.ActiveCfg = Release|Any CPU
		{230C1358-0A5C-436D-83C4-E520862B0952}.Release|Any CPU.Build.0 = Release|Any CPU
	EndGlobalSection
	GlobalSection(SolutionProperties) = preSolution
		HideSolutionNode = FALSE
	EndGlobalSection
	GlobalSection(ExtensibilityGlobals) = postSolution
		SolutionGuid = {F421B794-3A2C-49E4-8C6A-41E16CD04D78}
	EndGlobalSection
EndGlobal
